{
  "name": "cypress-extender",
  "version": "1.0.33",
  "lockfileVersion": 2,
  "requires": true,
  "packages": {
    "": {
      "name": "cypress-extender",
      "version": "1.0.33",
      "license": "MIT",
      "dependencies": {
        "cypress-extender-arrays": "^1.1.2"
      }
    },
    "node_modules/cypress-extender-arrays": {
      "version": "1.1.2",
      "resolved": "https://registry.npmjs.org/cypress-extender-arrays/-/cypress-extender-arrays-1.1.2.tgz",
      "integrity": "sha512-T8lRp9eG9ObPnY0KVLbQkklgz2clOsTX78SlgRhvVMcmt3HRY2zGtdDO7lDrnZjEfMbB/nF0EylEmhLNEnJllg=="
    }
  },
  "dependencies": {
    "cypress-extender-arrays": {
      "version": "1.1.2",
      "resolved": "https://registry.npmjs.org/cypress-extender-arrays/-/cypress-extender-arrays-1.1.2.tgz",
      "integrity": "sha512-T8lRp9eG9ObPnY0KVLbQkklgz2clOsTX78SlgRhvVMcmt3HRY2zGtdDO7lDrnZjEfMbB/nF0EylEmhLNEnJllg=="
    }
  }
}
